
Microsoft Visual Studio Solution File, Format Version 12.00
# Visual Studio Version 17
VisualStudioVersion = 17.5.33627.172
MinimumVisualStudioVersion = 10.0.40219.1
Project("{9A19103F-16F7-4668-BE54-9A1E7A4F7556}") = "MyConsole", "MyConsole\MyConsole.csproj", "{E4641856-27FF-4059-A52C-3BDBA1103A7C}"
EndProject
Project("{9A19103F-16F7-4668-BE54-9A1E7A4F7556}") = "MyWinForm", "MyWinForm\MyWinForm.csproj", "{614E67BC-C0D2-4FFB-AEA9-F5C1EAA0114B}"
EndProject
Project("{9A19103F-16F7-4668-BE54-9A1E7A4F7556}") = "MyLib2", "MyLib2\MyLib2.csproj", "{B82DA51E-5F37-4514-B949-17291D280DA8}"
EndProject
Project("{9A19103F-16F7-4668-BE54-9A1E7A4F7556}") = "MyAsync", "MyAsync\MyAsync.csproj", "{788361E9-EF8F-48B7-AEA3-D7FFC08594E3}"
EndProject
Project("{FAE04EC0-301F-11D3-BF4B-00C04F79EFBC}") = "MyGC", "MyGC\MyGC.csproj", "{BF788476-C815-4943-B1D6-49EBDA893990}"
EndProject
Project("{FAE04EC0-301F-11D3-BF4B-00C04F79EFBC}") = "MyTest", "MyTest\MyTest.csproj", "{745D57C6-CC81-4C89-91B7-3808B16A1FAB}"
EndProject
Global
	GlobalSection(SolutionConfigurationPlatforms) = preSolution
		Debug|Any CPU = Debug|Any CPU
		Release|Any CPU = Release|Any CPU
	EndGlobalSection
	GlobalSection(ProjectConfigurationPlatforms) = postSolution
		{E4641856-27FF-4059-A52C-3BDBA1103A7C}.Debug|Any CPU.ActiveCfg = Debug|Any CPU
		{E4641856-27FF-4059-A52C-3BDBA1103A7C}.Debug|Any CPU.Build.0 = Debug|Any CPU
		{E4641856-27FF-4059-A52C-3BDBA1103A7C}.Release|Any CPU.ActiveCfg = Release|Any CPU
		{E4641856-27FF-4059-A52C-3BDBA1103A7C}.Release|Any CPU.Build.0 = Release|Any CPU
		{614E67BC-C0D2-4FFB-AEA9-F5C1EAA0114B}.Debug|Any CPU.ActiveCfg = Debug|Any CPU
		{614E67BC-C0D2-4FFB-AEA9-F5C1EAA0114B}.Debug|Any CPU.Build.0 = Debug|Any CPU
		{614E67BC-C0D2-4FFB-AEA9-F5C1EAA0114B}.Release|Any CPU.ActiveCfg = Release|Any CPU
		{614E67BC-C0D2-4FFB-AEA9-F5C1EAA0114B}.Release|Any CPU.Build.0 = Release|Any CPU
		{B82DA51E-5F37-4514-B949-17291D280DA8}.Debug|Any CPU.ActiveCfg = Debug|Any CPU
		{B82DA51E-5F37-4514-B949-17291D280DA8}.Debug|Any CPU.Build.0 = Debug|Any CPU
		{B82DA51E-5F37-4514-B949-17291D280DA8}.Release|Any CPU.ActiveCfg = Release|Any CPU
		{B82DA51E-5F37-4514-B949-17291D280DA8}.Release|Any CPU.Build.0 = Release|Any CPU
		{788361E9-EF8F-48B7-AEA3-D7FFC08594E3}.Debug|Any CPU.ActiveCfg = Debug|Any CPU
		{788361E9-EF8F-48B7-AEA3-D7FFC08594E3}.Debug|Any CPU.Build.0 = Debug|Any CPU
		{788361E9-EF8F-48B7-AEA3-D7FFC08594E3}.Release|Any CPU.ActiveCfg = Release|Any CPU
		{788361E9-EF8F-48B7-AEA3-D7FFC08594E3}.Release|Any CPU.Build.0 = Release|Any CPU
		{BF788476-C815-4943-B1D6-49EBDA893990}.Debug|Any CPU.ActiveCfg = Debug|Any CPU
		{BF788476-C815-4943-B1D6-49EBDA893990}.Debug|Any CPU.Build.0 = Debug|Any CPU
		{BF788476-C815-4943-B1D6-49EBDA893990}.Release|Any CPU.ActiveCfg = Release|Any CPU
		{BF788476-C815-4943-B1D6-49EBDA893990}.Release|Any CPU.Build.0 = Release|Any CPU
		{745D57C6-CC81-4C89-91B7-3808B16A1FAB}.Debug|Any CPU.ActiveCfg = Debug|Any CPU
		{745D57C6-CC81-4C89-91B7-3808B16A1FAB}.Debug|Any CPU.Build.0 = Debug|Any CPU
		{745D57C6-CC81-4C89-91B7-3808B16A1FAB}.Release|Any CPU.ActiveCfg = Release|Any CPU
		{745D57C6-CC81-4C89-91B7-3808B16A1FAB}.Release|Any CPU.Build.0 = Release|Any CPU
	EndGlobalSection
	GlobalSection(SolutionProperties) = preSolution
		HideSolutionNode = FALSE
	EndGlobalSection
	GlobalSection(ExtensibilityGlobals) = postSolution
		SolutionGuid = {6B2A168F-3EF2-4A3A-8B12-26E9C30DFA39}
	EndGlobalSection
EndGlobal
